// !$*UTF8*$!
{
	archiveVersion = 1;
	classes = {
	};
	objectVersion = 55;
	objects = {

/* Begin PBXBuildFile section */
		D51761BB2883E9FF004D81DB /* AnimationVC.swift in Sources */ = {isa = PBXBuildFile; fileRef = D51761BA2883E9FF004D81DB /* AnimationVC.swift */; };
		D528A165286B0E7A00ABE401 /* LikeControl.swift in Sources */ = {isa = PBXBuildFile; fileRef = D528A164286B0E7A00ABE401 /* LikeControl.swift */; };
		D528A168286B1D6500ABE401 /* TabBarVC.swift in Sources */ = {isa = PBXBuildFile; fileRef = D528A167286B1D6500ABE401 /* TabBarVC.swift */; };
		D528A16A286B1F5D00ABE401 /* ConstraintsExtension.swift in Sources */ = {isa = PBXBuildFile; fileRef = D528A169286B1F5D00ABE401 /* ConstraintsExtension.swift */; };
		D535E063286F0850002CA5EE /* SearchGroupsBarEXT.swift in Sources */ = {isa = PBXBuildFile; fileRef = D535E062286F084F002CA5EE /* SearchGroupsBarEXT.swift */; };
		D535E06A287454E2002CA5EE /* NewsTableVC.swift in Sources */ = {isa = PBXBuildFile; fileRef = D535E069287454E2002CA5EE /* NewsTableVC.swift */; };
		D5622FFC287587710025A201 /* News.swift in Sources */ = {isa = PBXBuildFile; fileRef = D5622FFB287587710025A201 /* News.swift */; };
		D5622FFE28758A9F0025A201 /* NewsCell.swift in Sources */ = {isa = PBXBuildFile; fileRef = D5622FFD28758A9F0025A201 /* NewsCell.swift */; };
		D5D45AA228657AEC00F4A72F /* AppDelegate.swift in Sources */ = {isa = PBXBuildFile; fileRef = D5D45AA128657AEC00F4A72F /* AppDelegate.swift */; };
		D5D45AA428657AEC00F4A72F /* SceneDelegate.swift in Sources */ = {isa = PBXBuildFile; fileRef = D5D45AA328657AEC00F4A72F /* SceneDelegate.swift */; };
		D5D45AA628657AEC00F4A72F /* ViewController.swift in Sources */ = {isa = PBXBuildFile; fileRef = D5D45AA528657AEC00F4A72F /* ViewController.swift */; };
		D5D45AA928657AEC00F4A72F /* Main.storyboard in Resources */ = {isa = PBXBuildFile; fileRef = D5D45AA728657AEC00F4A72F /* Main.storyboard */; };
		D5D45AAB28657AED00F4A72F /* Assets.xcassets in Resources */ = {isa = PBXBuildFile; fileRef = D5D45AAA28657AED00F4A72F /* Assets.xcassets */; };
		D5D45AAE28657AED00F4A72F /* LaunchScreen.storyboard in Resources */ = {isa = PBXBuildFile; fileRef = D5D45AAC28657AED00F4A72F /* LaunchScreen.storyboard */; };
		D5D45ABC2865830F00F4A72F /* FriendsTableVC.swift in Sources */ = {isa = PBXBuildFile; fileRef = D5D45ABB2865830F00F4A72F /* FriendsTableVC.swift */; };
		D5D45ABE2865832D00F4A72F /* GroupsTableVC.swift in Sources */ = {isa = PBXBuildFile; fileRef = D5D45ABD2865832D00F4A72F /* GroupsTableVC.swift */; };
		D5D45AC02865834500F4A72F /* Friends.swift in Sources */ = {isa = PBXBuildFile; fileRef = D5D45ABF2865834500F4A72F /* Friends.swift */; };
		D5D45AC22865836100F4A72F /* CurrentFriendCollectionVC.swift in Sources */ = {isa = PBXBuildFile; fileRef = D5D45AC12865836100F4A72F /* CurrentFriendCollectionVC.swift */; };
		D5D45AC6286583A400F4A72F /* SearchGroupsTableVC.swift in Sources */ = {isa = PBXBuildFile; fileRef = D5D45AC5286583A400F4A72F /* SearchGroupsTableVC.swift */; };
		D5D45ACA2865855700F4A72F /* FriendsCell.swift in Sources */ = {isa = PBXBuildFile; fileRef = D5D45AC92865855700F4A72F /* FriendsCell.swift */; };
		D5D45ACF2865866700F4A72F /* CurrentFriendCell.swift in Sources */ = {isa = PBXBuildFile; fileRef = D5D45ACE2865866700F4A72F /* CurrentFriendCell.swift */; };
		D5D45AD1286586D700F4A72F /* Groups.swift in Sources */ = {isa = PBXBuildFile; fileRef = D5D45AD0286586D700F4A72F /* Groups.swift */; };
		D5D45AD62865872C00F4A72F /* GroupsCell.swift in Sources */ = {isa = PBXBuildFile; fileRef = D5D45AD52865872C00F4A72F /* GroupsCell.swift */; };
		D5D45AD92865899800F4A72F /* LoginExtension.swift in Sources */ = {isa = PBXBuildFile; fileRef = D5D45AD82865899800F4A72F /* LoginExtension.swift */; };
		D5E24974286AFDA2008AF1C0 /* AvatarUIView.swift in Sources */ = {isa = PBXBuildFile; fileRef = D5E24973286AFDA2008AF1C0 /* AvatarUIView.swift */; };
/* End PBXBuildFile section */

/* Begin PBXFileReference section */
		D51761BA2883E9FF004D81DB /* AnimationVC.swift */ = {isa = PBXFileReference; lastKnownFileType = sourcecode.swift; path = AnimationVC.swift; sourceTree = "<group>"; };
		D528A164286B0E7A00ABE401 /* LikeControl.swift */ = {isa = PBXFileReference; lastKnownFileType = sourcecode.swift; path = LikeControl.swift; sourceTree = "<group>"; };
		D528A167286B1D6500ABE401 /* TabBarVC.swift */ = {isa = PBXFileReference; lastKnownFileType = sourcecode.swift; path = TabBarVC.swift; sourceTree = "<group>"; };
		D528A169286B1F5D00ABE401 /* ConstraintsExtension.swift */ = {isa = PBXFileReference; lastKnownFileType = sourcecode.swift; path = ConstraintsExtension.swift; sourceTree = "<group>"; };
		D535E062286F084F002CA5EE /* SearchGroupsBarEXT.swift */ = {isa = PBXFileReference; lastKnownFileType = sourcecode.swift; path = SearchGroupsBarEXT.swift; sourceTree = "<group>"; };
		D535E069287454E2002CA5EE /* NewsTableVC.swift */ = {isa = PBXFileReference; lastKnownFileType = sourcecode.swift; path = NewsTableVC.swift; sourceTree = "<group>"; };
		D5622FFB287587710025A201 /* News.swift */ = {isa = PBXFileReference; lastKnownFileType = sourcecode.swift; path = News.swift; sourceTree = "<group>"; };
		D5622FFD28758A9F0025A201 /* NewsCell.swift */ = {isa = PBXFileReference; lastKnownFileType = sourcecode.swift; path = NewsCell.swift; sourceTree = "<group>"; };
		D5D45A9E28657AEC00F4A72F /* VK_Miky_New.app */ = {isa = PBXFileReference; explicitFileType = wrapper.application; includeInIndex = 0; path = VK_Miky_New.app; sourceTree = BUILT_PRODUCTS_DIR; };
		D5D45AA128657AEC00F4A72F /* AppDelegate.swift */ = {isa = PBXFileReference; lastKnownFileType = sourcecode.swift; path = AppDelegate.swift; sourceTree = "<group>"; };
		D5D45AA328657AEC00F4A72F /* SceneDelegate.swift */ = {isa = PBXFileReference; lastKnownFileType = sourcecode.swift; path = SceneDelegate.swift; sourceTree = "<group>"; };
		D5D45AA528657AEC00F4A72F /* ViewController.swift */ = {isa = PBXFileReference; lastKnownFileType = sourcecode.swift; path = ViewController.swift; sourceTree = "<group>"; };
		D5D45AA828657AEC00F4A72F /* Base */ = {isa = PBXFileReference; lastKnownFileType = file.storyboard; name = Base; path = Base.lproj/Main.storyboard; sourceTree = "<group>"; };
		D5D45AAA28657AED00F4A72F /* Assets.xcassets */ = {isa = PBXFileReference; lastKnownFileType = folder.assetcatalog; path = Assets.xcassets; sourceTree = "<group>"; };
		D5D45AAD28657AED00F4A72F /* Base */ = {isa = PBXFileReference; lastKnownFileType = file.storyboard; name = Base; path = Base.lproj/LaunchScreen.storyboard; sourceTree = "<group>"; };
		D5D45AAF28657AED00F4A72F /* Info.plist */ = {isa = PBXFileReference; lastKnownFileType = text.plist.xml; path = Info.plist; sourceTree = "<group>"; };
		D5D45ABB2865830F00F4A72F /* FriendsTableVC.swift */ = {isa = PBXFileReference; lastKnownFileType = sourcecode.swift; path = FriendsTableVC.swift; sourceTree = "<group>"; };
		D5D45ABD2865832D00F4A72F /* GroupsTableVC.swift */ = {isa = PBXFileReference; lastKnownFileType = sourcecode.swift; path = GroupsTableVC.swift; sourceTree = "<group>"; };
		D5D45ABF2865834500F4A72F /* Friends.swift */ = {isa = PBXFileReference; lastKnownFileType = sourcecode.swift; path = Friends.swift; sourceTree = "<group>"; };
		D5D45AC12865836100F4A72F /* CurrentFriendCollectionVC.swift */ = {isa = PBXFileReference; lastKnownFileType = sourcecode.swift; path = CurrentFriendCollectionVC.swift; sourceTree = "<group>"; };
		D5D45AC5286583A400F4A72F /* SearchGroupsTableVC.swift */ = {isa = PBXFileReference; lastKnownFileType = sourcecode.swift; path = SearchGroupsTableVC.swift; sourceTree = "<group>"; };
		D5D45AC92865855700F4A72F /* FriendsCell.swift */ = {isa = PBXFileReference; lastKnownFileType = sourcecode.swift; path = FriendsCell.swift; sourceTree = "<group>"; };
		D5D45ACE2865866700F4A72F /* CurrentFriendCell.swift */ = {isa = PBXFileReference; lastKnownFileType = sourcecode.swift; path = CurrentFriendCell.swift; sourceTree = "<group>"; };
		D5D45AD0286586D700F4A72F /* Groups.swift */ = {isa = PBXFileReference; lastKnownFileType = sourcecode.swift; path = Groups.swift; sourceTree = "<group>"; };
		D5D45AD52865872C00F4A72F /* GroupsCell.swift */ = {isa = PBXFileReference; lastKnownFileType = sourcecode.swift; path = GroupsCell.swift; sourceTree = "<group>"; };
		D5D45AD82865899800F4A72F /* LoginExtension.swift */ = {isa = PBXFileReference; lastKnownFileType = sourcecode.swift; path = LoginExtension.swift; sourceTree = "<group>"; };
		D5E24973286AFDA2008AF1C0 /* AvatarUIView.swift */ = {isa = PBXFileReference; lastKnownFileType = sourcecode.swift; path = AvatarUIView.swift; sourceTree = "<group>"; };
/* End PBXFileReference section */

/* Begin PBXFrameworksBuildPhase section */
		D5D45A9B28657AEC00F4A72F /* Frameworks */ = {
			isa = PBXFrameworksBuildPhase;
			buildActionMask = 2147483647;
			files = (
			);
			runOnlyForDeploymentPostprocessing = 0;
		};
/* End PBXFrameworksBuildPhase section */

/* Begin PBXGroup section */
		D51761B92883E9D6004D81DB /* Animation */ = {
			isa = PBXGroup;
			children = (
				D51761BA2883E9FF004D81DB /* AnimationVC.swift */,
			);
			path = Animation;
			sourceTree = "<group>";
		};
		D528A166286B1D4200ABE401 /* TabBar */ = {
			isa = PBXGroup;
			children = (
				D528A167286B1D6500ABE401 /* TabBarVC.swift */,
			);
			path = TabBar;
			sourceTree = "<group>";
		};
		D535E064287450CC002CA5EE /* News */ = {
			isa = PBXGroup;
			children = (
				D5622FFB287587710025A201 /* News.swift */,
				D5622FFD28758A9F0025A201 /* NewsCell.swift */,
				D535E069287454E2002CA5EE /* NewsTableVC.swift */,
			);
			path = News;
			sourceTree = "<group>";
		};
		D5D45A9528657AEC00F4A72F = {
			isa = PBXGroup;
			children = (
				D5D45AA028657AEC00F4A72F /* VK_Miky_New */,
				D5D45A9F28657AEC00F4A72F /* Products */,
			);
			sourceTree = "<group>";
		};
		D5D45A9F28657AEC00F4A72F /* Products */ = {
			isa = PBXGroup;
			children = (
				D5D45A9E28657AEC00F4A72F /* VK_Miky_New.app */,
			);
			name = Products;
			sourceTree = "<group>";
		};
		D5D45AA028657AEC00F4A72F /* VK_Miky_New */ = {
			isa = PBXGroup;
			children = (
				D5D45AD72865897A00F4A72F /* Extensions */,
				D51761B92883E9D6004D81DB /* Animation */,
				D5D45AB728657E2E00F4A72F /* Login */,
				D528A166286B1D4200ABE401 /* TabBar */,
				D535E064287450CC002CA5EE /* News */,
				D5D45AB528657E1500F4A72F /* Friends */,
				D5D45AB628657E1E00F4A72F /* Groups */,
				D5D45AA728657AEC00F4A72F /* Main.storyboard */,
				D5D45AB8286581E600F4A72F /* Delegate */,
				D5D45AB92865820600F4A72F /* Resources */,
				D5D45AAF28657AED00F4A72F /* Info.plist */,
			);
			path = VK_Miky_New;
			sourceTree = "<group>";
		};
		D5D45AB528657E1500F4A72F /* Friends */ = {
			isa = PBXGroup;
			children = (
				D5D45AC7286583B800F4A72F /* Model */,
				D5D45AC8286583C600F4A72F /* View */,
				D5D45ACB286585BD00F4A72F /* Controller */,
				D5D45AC32865836E00F4A72F /* CurrentFriend */,
			);
			path = Friends;
			sourceTree = "<group>";
		};
		D5D45AB628657E1E00F4A72F /* Groups */ = {
			isa = PBXGroup;
			children = (
				D5D45AD2286586E800F4A72F /* Model */,
				D5D45AD3286586F100F4A72F /* View */,
				D5D45AD4286586F500F4A72F /* Controller */,
				D5D45AC42865838200F4A72F /* SearchGroups */,
			);
			path = Groups;
			sourceTree = "<group>";
		};
		D5D45AB728657E2E00F4A72F /* Login */ = {
			isa = PBXGroup;
			children = (
				D5D45AA528657AEC00F4A72F /* ViewController.swift */,
			);
			path = Login;
			sourceTree = "<group>";
		};
		D5D45AB8286581E600F4A72F /* Delegate */ = {
			isa = PBXGroup;
			children = (
				D5D45AA128657AEC00F4A72F /* AppDelegate.swift */,
				D5D45AA328657AEC00F4A72F /* SceneDelegate.swift */,
			);
			path = Delegate;
			sourceTree = "<group>";
		};
		D5D45AB92865820600F4A72F /* Resources */ = {
			isa = PBXGroup;
			children = (
				D5D45AAC28657AED00F4A72F /* LaunchScreen.storyboard */,
				D5D45AAA28657AED00F4A72F /* Assets.xcassets */,
			);
			path = Resources;
			sourceTree = "<group>";
		};
		D5D45AC32865836E00F4A72F /* CurrentFriend */ = {
			isa = PBXGroup;
			children = (
				D5D45ADC2865AD6400F4A72F /* Model */,
				D5D45ACD2865862400F4A72F /* View */,
				D5D45ACC2865860F00F4A72F /* Controller */,
			);
			path = CurrentFriend;
			sourceTree = "<group>";
		};
		D5D45AC42865838200F4A72F /* SearchGroups */ = {
			isa = PBXGroup;
			children = (
				D5D45AC5286583A400F4A72F /* SearchGroupsTableVC.swift */,
			);
			path = SearchGroups;
			sourceTree = "<group>";
		};
		D5D45AC7286583B800F4A72F /* Model */ = {
			isa = PBXGroup;
			children = (
				D5D45ABF2865834500F4A72F /* Friends.swift */,
			);
			path = Model;
			sourceTree = "<group>";
		};
		D5D45AC8286583C600F4A72F /* View */ = {
			isa = PBXGroup;
			children = (
				D5D45AC92865855700F4A72F /* FriendsCell.swift */,
				D5E24973286AFDA2008AF1C0 /* AvatarUIView.swift */,
			);
			path = View;
			sourceTree = "<group>";
		};
		D5D45ACB286585BD00F4A72F /* Controller */ = {
			isa = PBXGroup;
			children = (
				D5D45ABB2865830F00F4A72F /* FriendsTableVC.swift */,
			);
			path = Controller;
			sourceTree = "<group>";
		};
		D5D45ACC2865860F00F4A72F /* Controller */ = {
			isa = PBXGroup;
			children = (
				D5D45AC12865836100F4A72F /* CurrentFriendCollectionVC.swift */,
			);
			path = Controller;
			sourceTree = "<group>";
		};
		D5D45ACD2865862400F4A72F /* View */ = {
			isa = PBXGroup;
			children = (
				D5D45ACE2865866700F4A72F /* CurrentFriendCell.swift */,
			);
			path = View;
			sourceTree = "<group>";
		};
		D5D45AD2286586E800F4A72F /* Model */ = {
			isa = PBXGroup;
			children = (
				D5D45AD0286586D700F4A72F /* Groups.swift */,
			);
			path = Model;
			sourceTree = "<group>";
		};
		D5D45AD3286586F100F4A72F /* View */ = {
			isa = PBXGroup;
			children = (
				D5D45AD52865872C00F4A72F /* GroupsCell.swift */,
			);
			path = View;
			sourceTree = "<group>";
		};
		D5D45AD4286586F500F4A72F /* Controller */ = {
			isa = PBXGroup;
			children = (
				D5D45ABD2865832D00F4A72F /* GroupsTableVC.swift */,
			);
			path = Controller;
			sourceTree = "<group>";
		};
		D5D45AD72865897A00F4A72F /* Extensions */ = {
			isa = PBXGroup;
			children = (
				D5D45AD82865899800F4A72F /* LoginExtension.swift */,
				D528A169286B1F5D00ABE401 /* ConstraintsExtension.swift */,
				D535E062286F084F002CA5EE /* SearchGroupsBarEXT.swift */,
			);
			path = Extensions;
			sourceTree = "<group>";
		};
		D5D45ADC2865AD6400F4A72F /* Model */ = {
			isa = PBXGroup;
			children = (
				D528A164286B0E7A00ABE401 /* LikeControl.swift */,
			);
			path = Model;
			sourceTree = "<group>";
		};
/* End PBXGroup section */

/* Begin PBXNativeTarget section */
		D5D45A9D28657AEC00F4A72F /* VK_Miky_New */ = {
			isa = PBXNativeTarget;
			buildConfigurationList = D5D45AB228657AED00F4A72F /* Build configuration list for PBXNativeTarget "VK_Miky_New" */;
			buildPhases = (
				D5D45A9A28657AEC00F4A72F /* Sources */,
				D5D45A9B28657AEC00F4A72F /* Frameworks */,
				D5D45A9C28657AEC00F4A72F /* Resources */,
			);
			buildRules = (
			);
			dependencies = (
			);
			name = VK_Miky_New;
			productName = VK_Miky_New;
			productReference = D5D45A9E28657AEC00F4A72F /* VK_Miky_New.app */;
			productType = "com.apple.product-type.application";
		};
/* End PBXNativeTarget section */

/* Begin PBXProject section */
		D5D45A9628657AEC00F4A72F /* Project object */ = {
			isa = PBXProject;
			attributes = {
				BuildIndependentTargetsInParallel = 1;
				LastSwiftUpdateCheck = 1340;
				LastUpgradeCheck = 1340;
				TargetAttributes = {
					D5D45A9D28657AEC00F4A72F = {
						CreatedOnToolsVersion = 13.4.1;
					};
				};
			};
			buildConfigurationList = D5D45A9928657AEC00F4A72F /* Build configuration list for PBXProject "VK_Miky_New" */;
			compatibilityVersion = "Xcode 13.0";
			developmentRegion = en;
			hasScannedForEncodings = 0;
			knownRegions = (
				en,
				Base,
			);
			mainGroup = D5D45A9528657AEC00F4A72F;
			productRefGroup = D5D45A9F28657AEC00F4A72F /* Products */;
			projectDirPath = "";
			projectRoot = "";
			targets = (
				D5D45A9D28657AEC00F4A72F /* VK_Miky_New */,
			);
		};
/* End PBXProject section */

/* Begin PBXResourcesBuildPhase section */
		D5D45A9C28657AEC00F4A72F /* Resources */ = {
			isa = PBXResourcesBuildPhase;
			buildActionMask = 2147483647;
			files = (
				D5D45AAE28657AED00F4A72F /* LaunchScreen.storyboard in Resources */,
				D5D45AAB28657AED00F4A72F /* Assets.xcassets in Resources */,
				D5D45AA928657AEC00F4A72F /* Main.storyboard in Resources */,
			);
			runOnlyForDeploymentPostprocessing = 0;
		};
/* End PBXResourcesBuildPhase section */

/* Begin PBXSourcesBuildPhase section */
		D5D45A9A28657AEC00F4A72F /* Sources */ = {
			isa = PBXSourcesBuildPhase;
			buildActionMask = 2147483647;
			files = (
				D5D45ACA2865855700F4A72F /* FriendsCell.swift in Sources */,
				D528A165286B0E7A00ABE401 /* LikeControl.swift in Sources */,
				D5D45ACF2865866700F4A72F /* CurrentFriendCell.swift in Sources */,
				D5D45AD1286586D700F4A72F /* Groups.swift in Sources */,
				D5D45AD62865872C00F4A72F /* GroupsCell.swift in Sources */,
				D528A16A286B1F5D00ABE401 /* ConstraintsExtension.swift in Sources */,
				D5D45AA628657AEC00F4A72F /* ViewController.swift in Sources */,
				D535E063286F0850002CA5EE /* SearchGroupsBarEXT.swift in Sources */,
				D5D45AC22865836100F4A72F /* CurrentFriendCollectionVC.swift in Sources */,
				D5D45AC02865834500F4A72F /* Friends.swift in Sources */,
				D5622FFE28758A9F0025A201 /* NewsCell.swift in Sources */,
				D5D45AC6286583A400F4A72F /* SearchGroupsTableVC.swift in Sources */,
				D5D45AA228657AEC00F4A72F /* AppDelegate.swift in Sources */,
				D51761BB2883E9FF004D81DB /* AnimationVC.swift in Sources */,
				D5D45ABE2865832D00F4A72F /* GroupsTableVC.swift in Sources */,
				D5D45AA428657AEC00F4A72F /* SceneDelegate.swift in Sources */,
				D535E06A287454E2002CA5EE /* NewsTableVC.swift in Sources */,
				D5E24974286AFDA2008AF1C0 /* AvatarUIView.swift in Sources */,
				D528A168286B1D6500ABE401 /* TabBarVC.swift in Sources */,
				D5D45AD92865899800F4A72F /* LoginExtension.swift in Sources */,
				D5622FFC287587710025A201 /* News.swift in Sources */,
				D5D45ABC2865830F00F4A72F /* FriendsTableVC.swift in Sources */,
			);
			runOnlyForDeploymentPostprocessing = 0;
		};
/* End PBXSourcesBuildPhase section */

/* Begin PBXVariantGroup section */
		D5D45AA728657AEC00F4A72F /* Main.storyboard */ = {
			isa = PBXVariantGroup;
			children = (
				D5D45AA828657AEC00F4A72F /* Base */,
			);
			name = Main.storyboard;
			sourceTree = "<group>";
		};
		D5D45AAC28657AED00F4A72F /* LaunchScreen.storyboard */ = {
			isa = PBXVariantGroup;
			children = (
				D5D45AAD28657AED00F4A72F /* Base */,
			);
			name = LaunchScreen.storyboard;
			sourceTree = "<group>";
		};
/* End PBXVariantGroup section */

/* Begin XCBuildConfiguration section */
		D5D45AB028657AED00F4A72F /* Debug */ = {
			isa = XCBuildConfiguration;
			buildSettings = {
				ALWAYS_SEARCH_USER_PATHS = NO;
				CLANG_ANALYZER_NONNULL = YES;
				CLANG_ANALYZER_NUMBER_OBJECT_CONVERSION = YES_AGGRESSIVE;
				CLANG_CXX_LANGUAGE_STANDARD = "gnu++17";
				CLANG_ENABLE_MODULES = YES;
				CLANG_ENABLE_OBJC_ARC = YES;
				CLANG_ENABLE_OBJC_WEAK = YES;
				CLANG_WARN_BLOCK_CAPTURE_AUTORELEASING = YES;
				CLANG_WARN_BOOL_CONVERSION = YES;
				CLANG_WARN_COMMA = YES;
				CLANG_WARN_CONSTANT_CONVERSION = YES;
				CLANG_WARN_DEPRECATED_OBJC_IMPLEMENTATIONS = YES;
				CLANG_WARN_DIRECT_OBJC_ISA_USAGE = YES_ERROR;
				CLANG_WARN_DOCUMENTATION_COMMENTS = YES;
				CLANG_WARN_EMPTY_BODY = YES;
				CLANG_WARN_ENUM_CONVERSION = YES;
				CLANG_WARN_INFINITE_RECURSION = YES;
				CLANG_WARN_INT_CONVERSION = YES;
				CLANG_WARN_NON_LITERAL_NULL_CONVERSION = YES;
				CLANG_WARN_OBJC_IMPLICIT_RETAIN_SELF = YES;
				CLANG_WARN_OBJC_LITERAL_CONVERSION = YES;
				CLANG_WARN_OBJC_ROOT_CLASS = YES_ERROR;
				CLANG_WARN_QUOTED_INCLUDE_IN_FRAMEWORK_HEADER = YES;
				CLANG_WARN_RANGE_LOOP_ANALYSIS = YES;
				CLANG_WARN_STRICT_PROTOTYPES = YES;
				CLANG_WARN_SUSPICIOUS_MOVE = YES;
				CLANG_WARN_UNGUARDED_AVAILABILITY = YES_AGGRESSIVE;
				CLANG_WARN_UNREACHABLE_CODE = YES;
				CLANG_WARN__DUPLICATE_METHOD_MATCH = YES;
				COPY_PHASE_STRIP = NO;
				DEBUG_INFORMATION_FORMAT = dwarf;
				ENABLE_STRICT_OBJC_MSGSEND = YES;
				ENABLE_TESTABILITY = YES;
				GCC_C_LANGUAGE_STANDARD = gnu11;
				GCC_DYNAMIC_NO_PIC = NO;
				GCC_NO_COMMON_BLOCKS = YES;
				GCC_OPTIMIZATION_LEVEL = 0;
				GCC_PREPROCESSOR_DEFINITIONS = (
					"DEBUG=1",
					"$(inherited)",
				);
				GCC_WARN_64_TO_32_BIT_CONVERSION = YES;
				GCC_WARN_ABOUT_RETURN_TYPE = YES_ERROR;
				GCC_WARN_UNDECLARED_SELECTOR = YES;
				GCC_WARN_UNINITIALIZED_AUTOS = YES_AGGRESSIVE;
				GCC_WARN_UNUSED_FUNCTION = YES;
				GCC_WARN_UNUSED_VARIABLE = YES;
				IPHONEOS_DEPLOYMENT_TARGET = 15.5;
				MTL_ENABLE_DEBUG_INFO = INCLUDE_SOURCE;
				MTL_FAST_MATH = YES;
				ONLY_ACTIVE_ARCH = YES;
				SDKROOT = iphoneos;
				SWIFT_ACTIVE_COMPILATION_CONDITIONS = DEBUG;
				SWIFT_OPTIMIZATION_LEVEL = "-Onone";
			};
			name = Debug;
		};
		D5D45AB128657AED00F4A72F /* Release */ = {
			isa = XCBuildConfiguration;
			buildSettings = {
				ALWAYS_SEARCH_USER_PATHS = NO;
				CLANG_ANALYZER_NONNULL = YES;
				CLANG_ANALYZER_NUMBER_OBJECT_CONVERSION = YES_AGGRESSIVE;
				CLANG_CXX_LANGUAGE_STANDARD = "gnu++17";
				CLANG_ENABLE_MODULES = YES;
				CLANG_ENABLE_OBJC_ARC = YES;
				CLANG_ENABLE_OBJC_WEAK = YES;
				CLANG_WARN_BLOCK_CAPTURE_AUTORELEASING = YES;
				CLANG_WARN_BOOL_CONVERSION = YES;
				CLANG_WARN_COMMA = YES;
				CLANG_WARN_CONSTANT_CONVERSION = YES;
				CLANG_WARN_DEPRECATED_OBJC_IMPLEMENTATIONS = YES;
				CLANG_WARN_DIRECT_OBJC_ISA_USAGE = YES_ERROR;
				CLANG_WARN_DOCUMENTATION_COMMENTS = YES;
				CLANG_WARN_EMPTY_BODY = YES;
				CLANG_WARN_ENUM_CONVERSION = YES;
				CLANG_WARN_INFINITE_RECURSION = YES;
				CLANG_WARN_INT_CONVERSION = YES;
				CLANG_WARN_NON_LITERAL_NULL_CONVERSION = YES;
				CLANG_WARN_OBJC_IMPLICIT_RETAIN_SELF = YES;
				CLANG_WARN_OBJC_LITERAL_CONVERSION = YES;
				CLANG_WARN_OBJC_ROOT_CLASS = YES_ERROR;
				CLANG_WARN_QUOTED_INCLUDE_IN_FRAMEWORK_HEADER = YES;
				CLANG_WARN_RANGE_LOOP_ANALYSIS = YES;
				CLANG_WARN_STRICT_PROTOTYPES = YES;
				CLANG_WARN_SUSPICIOUS_MOVE = YES;
				CLANG_WARN_UNGUARDED_AVAILABILITY = YES_AGGRESSIVE;
				CLANG_WARN_UNREACHABLE_CODE = YES;
				CLANG_WARN__DUPLICATE_METHOD_MATCH = YES;
				COPY_PHASE_STRIP = NO;
				DEBUG_INFORMATION_FORMAT = "dwarf-with-dsym";
				ENABLE_NS_ASSERTIONS = NO;
				ENABLE_STRICT_OBJC_MSGSEND = YES;
				GCC_C_LANGUAGE_STANDARD = gnu11;
				GCC_NO_COMMON_BLOCKS = YES;
				GCC_WARN_64_TO_32_BIT_CONVERSION = YES;
				GCC_WARN_ABOUT_RETURN_TYPE = YES_ERROR;
				GCC_WARN_UNDECLARED_SELECTOR = YES;
				GCC_WARN_UNINITIALIZED_AUTOS = YES_AGGRESSIVE;
				GCC_WARN_UNUSED_FUNCTION = YES;
				GCC_WARN_UNUSED_VARIABLE = YES;
				IPHONEOS_DEPLOYMENT_TARGET = 15.5;
				MTL_ENABLE_DEBUG_INFO = NO;
				MTL_FAST_MATH = YES;
				SDKROOT = iphoneos;
				SWIFT_COMPILATION_MODE = wholemodule;
				SWIFT_OPTIMIZATION_LEVEL = "-O";
				VALIDATE_PRODUCT = YES;
			};
			name = Release;
		};
		D5D45AB328657AED00F4A72F /* Debug */ = {
			isa = XCBuildConfiguration;
			buildSettings = {
				ASSETCATALOG_COMPILER_APPICON_NAME = AppIcon;
				ASSETCATALOG_COMPILER_GLOBAL_ACCENT_COLOR_NAME = AccentColor;
				CODE_SIGN_STYLE = Automatic;
				CURRENT_PROJECT_VERSION = 1;
				DEVELOPMENT_TEAM = 4P2H6D9L7L;
				GENERATE_INFOPLIST_FILE = YES;
				INFOPLIST_FILE = VK_Miky_New/Info.plist;
				INFOPLIST_KEY_UIApplicationSupportsIndirectInputEvents = YES;
				INFOPLIST_KEY_UILaunchStoryboardName = LaunchScreen;
				INFOPLIST_KEY_UIMainStoryboardFile = Main;
				INFOPLIST_KEY_UISupportedInterfaceOrientations_iPad = "UIInterfaceOrientationPortrait UIInterfaceOrientationPortraitUpsideDown UIInterfaceOrientationLandscapeLeft UIInterfaceOrientationLandscapeRight";
				INFOPLIST_KEY_UISupportedInterfaceOrientations_iPhone = "UIInterfaceOrientationPortrait UIInterfaceOrientationLandscapeLeft UIInterfaceOrientationLandscapeRight";
				LD_RUNPATH_SEARCH_PATHS = (
					"$(inherited)",
					"@executable_path/Frameworks",
				);
				MARKETING_VERSION = 1.0;
				PRODUCT_BUNDLE_IDENTIFIER = "com.Ilstud.VK-Miky-New";
				PRODUCT_NAME = "$(TARGET_NAME)";
				SWIFT_EMIT_LOC_STRINGS = YES;
				SWIFT_VERSION = 5.0;
				TARGETED_DEVICE_FAMILY = "1,2";
			};
			name = Debug;
		};
		D5D45AB428657AED00F4A72F /* Release */ = {
			isa = XCBuildConfiguration;
			buildSettings = {
				ASSETCATALOG_COMPILER_APPICON_NAME = AppIcon;
				ASSETCATALOG_COMPILER_GLOBAL_ACCENT_COLOR_NAME = AccentColor;
				CODE_SIGN_STYLE = Automatic;
				CURRENT_PROJECT_VERSION = 1;
				DEVELOPMENT_TEAM = 4P2H6D9L7L;
				GENERATE_INFOPLIST_FILE = YES;
				INFOPLIST_FILE = VK_Miky_New/Info.plist;
				INFOPLIST_KEY_UIApplicationSupportsIndirectInputEvents = YES;
				INFOPLIST_KEY_UILaunchStoryboardName = LaunchScreen;
				INFOPLIST_KEY_UIMainStoryboardFile = Main;
				INFOPLIST_KEY_UISupportedInterfaceOrientations_iPad = "UIInterfaceOrientationPortrait UIInterfaceOrientationPortraitUpsideDown UIInterfaceOrientationLandscapeLeft UIInterfaceOrientationLandscapeRight";
				INFOPLIST_KEY_UISupportedInterfaceOrientations_iPhone = "UIInterfaceOrientationPortrait UIInterfaceOrientationLandscapeLeft UIInterfaceOrientationLandscapeRight";
				LD_RUNPATH_SEARCH_PATHS = (
					"$(inherited)",
					"@executable_path/Frameworks",
				);
				MARKETING_VERSION = 1.0;
				PRODUCT_BUNDLE_IDENTIFIER = "com.Ilstud.VK-Miky-New";
				PRODUCT_NAME = "$(TARGET_NAME)";
				SWIFT_EMIT_LOC_STRINGS = YES;
				SWIFT_VERSION = 5.0;
				TARGETED_DEVICE_FAMILY = "1,2";
			};
			name = Release;
		};
/* End XCBuildConfiguration section */

/* Begin XCConfigurationList section */
		D5D45A9928657AEC00F4A72F /* Build configuration list for PBXProject "VK_Miky_New" */ = {
			isa = XCConfigurationList;
			buildConfigurations = (
				D5D45AB028657AED00F4A72F /* Debug */,
				D5D45AB128657AED00F4A72F /* Release */,
			);
			defaultConfigurationIsVisible = 0;
			defaultConfigurationName = Release;
		};
		D5D45AB228657AED00F4A72F /* Build configuration list for PBXNativeTarget "VK_Miky_New" */ = {
			isa = XCConfigurationList;
			buildConfigurations = (
				D5D45AB328657AED00F4A72F /* Debug */,
				D5D45AB428657AED00F4A72F /* Release */,
			);
			defaultConfigurationIsVisible = 0;
			defaultConfigurationName = Release;
		};
/* End XCConfigurationList section */
	};
	rootObject = D5D45A9628657AEC00F4A72F /* Project object */;
}
